
Microsoft Visual Studio Solution File, Format Version 12.00
# Visual Studio Version 16
VisualStudioVersion = 16.0.30611.23
MinimumVisualStudioVersion = 10.0.40219.1
Project("{FAE04EC0-301F-11D3-BF4B-00C04F79EFBC}") = "GameProject0", "GameProject0\GameProject0.csproj", "{FE389D5F-2590-4D36-976B-D8AAC882F0D3}"
EndProject
Global
	GlobalSection(SolutionConfigurationPlatforms) = preSolution
		Debug|Any CPU = Debug|Any CPU
		Release|Any CPU = Release|Any CPU
	EndGlobalSection
	GlobalSection(ProjectConfigurationPlatforms) = postSolution
		{FE389D5F-2590-4D36-976B-D8AAC882F0D3}.Debug|Any CPU.ActiveCfg = Debug|Any CPU
		{FE389D5F-2590-4D36-976B-D8AAC882F0D3}.Debug|Any CPU.Build.0 = Debug|Any CPU
		{FE389D5F-2590-4D36-976B-D8AAC882F0D3}.Release|Any CPU.ActiveCfg = Release|Any CPU
		{FE389D5F-2590-4D36-976B-D8AAC882F0D3}.Release|Any CPU.Build.0 = Release|Any CPU
	EndGlobalSection
	GlobalSection(SolutionProperties) = preSolution
		HideSolutionNode = FALSE
	EndGlobalSection
	GlobalSection(ExtensibilityGlobals) = postSolution
		SolutionGuid = {8B2DC2E3-F794-4BB6-BBDF-C7D345699079}
	EndGlobalSection
EndGlobal
